// !$*UTF8*$!
{
	archiveVersion = 1;
	classes = {
	};
	objectVersion = 50;
	objects = {

/* Begin PBXBuildFile section */
		4A2A1DB4266E68EF00661CE7 /* Localizable.strings in Resources */ = {isa = PBXBuildFile; fileRef = 4A2A1DB3266E68EF00661CE7 /* Localizable.strings */; };
		4A2A1DB7266E6C9800661CE7 /* FizzBuzzPresenter.swift in Sources */ = {isa = PBXBuildFile; fileRef = 4A2A1DB6266E6C9800661CE7 /* FizzBuzzPresenter.swift */; };
		4A2A1DBB266E6CC100661CE7 /* FizzBuzzPresenterImplementation.swift in Sources */ = {isa = PBXBuildFile; fileRef = 4A2A1DBA266E6CC100661CE7 /* FizzBuzzPresenterImplementation.swift */; };
		4A2A1DBD266E6CD800661CE7 /* FizzBuzzViewContract.swift in Sources */ = {isa = PBXBuildFile; fileRef = 4A2A1DBC266E6CD800661CE7 /* FizzBuzzViewContract.swift */; };
		4A2A1DBF266E6ECD00661CE7 /* FizzBuzz.swift in Sources */ = {isa = PBXBuildFile; fileRef = 4A2A1DBE266E6ECD00661CE7 /* FizzBuzz.swift */; };
		4A6F7CEC266E1F1C0044F58B /* AppDelegate.swift in Sources */ = {isa = PBXBuildFile; fileRef = 4A6F7CEB266E1F1C0044F58B /* AppDelegate.swift */; };
		4A6F7CEE266E1F1C0044F58B /* SceneDelegate.swift in Sources */ = {isa = PBXBuildFile; fileRef = 4A6F7CED266E1F1C0044F58B /* SceneDelegate.swift */; };
		4A6F7CF0266E1F1C0044F58B /* FizzBuzzViewController.swift in Sources */ = {isa = PBXBuildFile; fileRef = 4A6F7CEF266E1F1C0044F58B /* FizzBuzzViewController.swift */; };
		4A6F7CF5266E1F1E0044F58B /* Assets.xcassets in Resources */ = {isa = PBXBuildFile; fileRef = 4A6F7CF4266E1F1E0044F58B /* Assets.xcassets */; };
		4A6F7CF8266E1F1E0044F58B /* LaunchScreen.storyboard in Resources */ = {isa = PBXBuildFile; fileRef = 4A6F7CF6266E1F1E0044F58B /* LaunchScreen.storyboard */; };
/* End PBXBuildFile section */

/* Begin PBXFileReference section */
		4A2A1DB3266E68EF00661CE7 /* Localizable.strings */ = {isa = PBXFileReference; lastKnownFileType = text.plist.strings; path = Localizable.strings; sourceTree = "<group>"; };
		4A2A1DB6266E6C9800661CE7 /* FizzBuzzPresenter.swift */ = {isa = PBXFileReference; lastKnownFileType = sourcecode.swift; path = FizzBuzzPresenter.swift; sourceTree = "<group>"; };
		4A2A1DBA266E6CC100661CE7 /* FizzBuzzPresenterImplementation.swift */ = {isa = PBXFileReference; lastKnownFileType = sourcecode.swift; path = FizzBuzzPresenterImplementation.swift; sourceTree = "<group>"; };
		4A2A1DBC266E6CD800661CE7 /* FizzBuzzViewContract.swift */ = {isa = PBXFileReference; lastKnownFileType = sourcecode.swift; path = FizzBuzzViewContract.swift; sourceTree = "<group>"; };
		4A2A1DBE266E6ECD00661CE7 /* FizzBuzz.swift */ = {isa = PBXFileReference; lastKnownFileType = sourcecode.swift; path = FizzBuzz.swift; sourceTree = "<group>"; };
		4A6F7CE8266E1F1C0044F58B /* FizzBuzz.app */ = {isa = PBXFileReference; explicitFileType = wrapper.application; includeInIndex = 0; path = FizzBuzz.app; sourceTree = BUILT_PRODUCTS_DIR; };
		4A6F7CEB266E1F1C0044F58B /* AppDelegate.swift */ = {isa = PBXFileReference; lastKnownFileType = sourcecode.swift; path = AppDelegate.swift; sourceTree = "<group>"; };
		4A6F7CED266E1F1C0044F58B /* SceneDelegate.swift */ = {isa = PBXFileReference; lastKnownFileType = sourcecode.swift; path = SceneDelegate.swift; sourceTree = "<group>"; };
		4A6F7CEF266E1F1C0044F58B /* FizzBuzzViewController.swift */ = {isa = PBXFileReference; lastKnownFileType = sourcecode.swift; path = FizzBuzzViewController.swift; sourceTree = "<group>"; };
		4A6F7CF4266E1F1E0044F58B /* Assets.xcassets */ = {isa = PBXFileReference; lastKnownFileType = folder.assetcatalog; path = Assets.xcassets; sourceTree = "<group>"; };
		4A6F7CF7266E1F1E0044F58B /* Base */ = {isa = PBXFileReference; lastKnownFileType = file.storyboard; name = Base; path = Base.lproj/LaunchScreen.storyboard; sourceTree = "<group>"; };
		4A6F7CF9266E1F1E0044F58B /* Info.plist */ = {isa = PBXFileReference; lastKnownFileType = text.plist.xml; path = Info.plist; sourceTree = "<group>"; };
/* End PBXFileReference section */

/* Begin PBXFrameworksBuildPhase section */
		4A6F7CE5266E1F1C0044F58B /* Frameworks */ = {
			isa = PBXFrameworksBuildPhase;
			buildActionMask = 2147483647;
			files = (
			);
			runOnlyForDeploymentPostprocessing = 0;
		};
/* End PBXFrameworksBuildPhase section */

/* Begin PBXGroup section */
		4A2A1DB5266E6C8100661CE7 /* FizzBuzz */ = {
			isa = PBXGroup;
			children = (
				4A2A1DC0266E6ED300661CE7 /* Model */,
				4A2A1DB8266E6CAC00661CE7 /* Presenter */,
				4A2A1DB9266E6CB300661CE7 /* UI */,
			);
			path = FizzBuzz;
			sourceTree = "<group>";
		};
		4A2A1DB8266E6CAC00661CE7 /* Presenter */ = {
			isa = PBXGroup;
			children = (
				4A2A1DB6266E6C9800661CE7 /* FizzBuzzPresenter.swift */,
				4A2A1DBA266E6CC100661CE7 /* FizzBuzzPresenterImplementation.swift */,
			);
			path = Presenter;
			sourceTree = "<group>";
		};
		4A2A1DB9266E6CB300661CE7 /* UI */ = {
			isa = PBXGroup;
			children = (
				4A2A1DBC266E6CD800661CE7 /* FizzBuzzViewContract.swift */,
				4A6F7CEF266E1F1C0044F58B /* FizzBuzzViewController.swift */,
			);
			path = UI;
			sourceTree = "<group>";
		};
		4A2A1DC0266E6ED300661CE7 /* Model */ = {
			isa = PBXGroup;
			children = (
				4A2A1DBE266E6ECD00661CE7 /* FizzBuzz.swift */,
			);
			path = Model;
			sourceTree = "<group>";
		};
		4A6F7CDF266E1F1C0044F58B = {
			isa = PBXGroup;
			children = (
				4A6F7CEA266E1F1C0044F58B /* FizzBuzz */,
				4A6F7CE9266E1F1C0044F58B /* Products */,
			);
			sourceTree = "<group>";
		};
		4A6F7CE9266E1F1C0044F58B /* Products */ = {
			isa = PBXGroup;
			children = (
				4A6F7CE8266E1F1C0044F58B /* FizzBuzz.app */,
			);
			name = Products;
			sourceTree = "<group>";
		};
		4A6F7CEA266E1F1C0044F58B /* FizzBuzz */ = {
			isa = PBXGroup;
			children = (
				4A6F7CEB266E1F1C0044F58B /* AppDelegate.swift */,
				4A6F7CED266E1F1C0044F58B /* SceneDelegate.swift */,
				4A2A1DB5266E6C8100661CE7 /* FizzBuzz */,
				4A6F7CFF266E1F370044F58B /* Resources */,
				4A6F7CF9266E1F1E0044F58B /* Info.plist */,
			);
			path = FizzBuzz;
			sourceTree = "<group>";
		};
		4A6F7CFF266E1F370044F58B /* Resources */ = {
			isa = PBXGroup;
			children = (
				4A6F7CF4266E1F1E0044F58B /* Assets.xcassets */,
				4A6F7CF6266E1F1E0044F58B /* LaunchScreen.storyboard */,
				4A2A1DB3266E68EF00661CE7 /* Localizable.strings */,
			);
			path = Resources;
			sourceTree = "<group>";
		};
/* End PBXGroup section */

/* Begin PBXNativeTarget section */
		4A6F7CE7266E1F1C0044F58B /* FizzBuzz */ = {
			isa = PBXNativeTarget;
			buildConfigurationList = 4A6F7CFC266E1F1E0044F58B /* Build configuration list for PBXNativeTarget "FizzBuzz" */;
			buildPhases = (
				4A6F7CE4266E1F1C0044F58B /* Sources */,
				4A6F7CE5266E1F1C0044F58B /* Frameworks */,
				4A6F7CE6266E1F1C0044F58B /* Resources */,
			);
			buildRules = (
			);
			dependencies = (
			);
			name = FizzBuzz;
			productName = FizzBuzz;
			productReference = 4A6F7CE8266E1F1C0044F58B /* FizzBuzz.app */;
			productType = "com.apple.product-type.application";
		};
/* End PBXNativeTarget section */

/* Begin PBXProject section */
		4A6F7CE0266E1F1C0044F58B /* Project object */ = {
			isa = PBXProject;
			attributes = {
				LastSwiftUpdateCheck = 1250;
				LastUpgradeCheck = 1250;
				TargetAttributes = {
					4A6F7CE7266E1F1C0044F58B = {
						CreatedOnToolsVersion = 12.5;
					};
				};
			};
			buildConfigurationList = 4A6F7CE3266E1F1C0044F58B /* Build configuration list for PBXProject "FizzBuzz" */;
			compatibilityVersion = "Xcode 9.3";
			developmentRegion = en;
			hasScannedForEncodings = 0;
			knownRegions = (
				en,
				Base,
			);
			mainGroup = 4A6F7CDF266E1F1C0044F58B;
			productRefGroup = 4A6F7CE9266E1F1C0044F58B /* Products */;
			projectDirPath = "";
			projectRoot = "";
			targets = (
				4A6F7CE7266E1F1C0044F58B /* FizzBuzz */,
			);
		};
/* End PBXProject section */

/* Begin PBXResourcesBuildPhase section */
		4A6F7CE6266E1F1C0044F58B /* Resources */ = {
			isa = PBXResourcesBuildPhase;
			buildActionMask = 2147483647;
			files = (
				4A6F7CF8266E1F1E0044F58B /* LaunchScreen.storyboard in Resources */,
				4A2A1DB4266E68EF00661CE7 /* Localizable.strings in Resources */,
				4A6F7CF5266E1F1E0044F58B /* Assets.xcassets in Resources */,
			);
			runOnlyForDeploymentPostprocessing = 0;
		};
/* End PBXResourcesBuildPhase section */

/* Begin PBXSourcesBuildPhase section */
		4A6F7CE4266E1F1C0044F58B /* Sources */ = {
			isa = PBXSourcesBuildPhase;
			buildActionMask = 2147483647;
			files = (
				4A2A1DB7266E6C9800661CE7 /* FizzBuzzPresenter.swift in Sources */,
				4A6F7CF0266E1F1C0044F58B /* FizzBuzzViewController.swift in Sources */,
				4A2A1DBD266E6CD800661CE7 /* FizzBuzzViewContract.swift in Sources */,
				4A2A1DBB266E6CC100661CE7 /* FizzBuzzPresenterImplementation.swift in Sources */,
				4A2A1DBF266E6ECD00661CE7 /* FizzBuzz.swift in Sources */,
				4A6F7CEC266E1F1C0044F58B /* AppDelegate.swift in Sources */,
				4A6F7CEE266E1F1C0044F58B /* SceneDelegate.swift in Sources */,
			);
			runOnlyForDeploymentPostprocessing = 0;
		};
/* End PBXSourcesBuildPhase section */

/* Begin PBXVariantGroup section */
		4A6F7CF6266E1F1E0044F58B /* LaunchScreen.storyboard */ = {
			isa = PBXVariantGroup;
			children = (
				4A6F7CF7266E1F1E0044F58B /* Base */,
			);
			name = LaunchScreen.storyboard;
			sourceTree = "<group>";
		};
/* End PBXVariantGroup section */

/* Begin XCBuildConfiguration section */
		4A6F7CFA266E1F1E0044F58B /* Debug */ = {
			isa = XCBuildConfiguration;
			buildSettings = {
				ALWAYS_SEARCH_USER_PATHS = NO;
				CLANG_ANALYZER_NONNULL = YES;
				CLANG_ANALYZER_NUMBER_OBJECT_CONVERSION = YES_AGGRESSIVE;
				CLANG_CXX_LANGUAGE_STANDARD = "gnu++14";
				CLANG_CXX_LIBRARY = "libc++";
				CLANG_ENABLE_MODULES = YES;
				CLANG_ENABLE_OBJC_ARC = YES;
				CLANG_ENABLE_OBJC_WEAK = YES;
				CLANG_WARN_BLOCK_CAPTURE_AUTORELEASING = YES;
				CLANG_WARN_BOOL_CONVERSION = YES;
				CLANG_WARN_COMMA = YES;
				CLANG_WARN_CONSTANT_CONVERSION = YES;
				CLANG_WARN_DEPRECATED_OBJC_IMPLEMENTATIONS = YES;
				CLANG_WARN_DIRECT_OBJC_ISA_USAGE = YES_ERROR;
				CLANG_WARN_DOCUMENTATION_COMMENTS = YES;
				CLANG_WARN_EMPTY_BODY = YES;
				CLANG_WARN_ENUM_CONVERSION = YES;
				CLANG_WARN_INFINITE_RECURSION = YES;
				CLANG_WARN_INT_CONVERSION = YES;
				CLANG_WARN_NON_LITERAL_NULL_CONVERSION = YES;
				CLANG_WARN_OBJC_IMPLICIT_RETAIN_SELF = YES;
				CLANG_WARN_OBJC_LITERAL_CONVERSION = YES;
				CLANG_WARN_OBJC_ROOT_CLASS = YES_ERROR;
				CLANG_WARN_QUOTED_INCLUDE_IN_FRAMEWORK_HEADER = YES;
				CLANG_WARN_RANGE_LOOP_ANALYSIS = YES;
				CLANG_WARN_STRICT_PROTOTYPES = YES;
				CLANG_WARN_SUSPICIOUS_MOVE = YES;
				CLANG_WARN_UNGUARDED_AVAILABILITY = YES_AGGRESSIVE;
				CLANG_WARN_UNREACHABLE_CODE = YES;
				CLANG_WARN__DUPLICATE_METHOD_MATCH = YES;
				COPY_PHASE_STRIP = NO;
				DEBUG_INFORMATION_FORMAT = dwarf;
				ENABLE_STRICT_OBJC_MSGSEND = YES;
				ENABLE_TESTABILITY = YES;
				GCC_C_LANGUAGE_STANDARD = gnu11;
				GCC_DYNAMIC_NO_PIC = NO;
				GCC_NO_COMMON_BLOCKS = YES;
				GCC_OPTIMIZATION_LEVEL = 0;
				GCC_PREPROCESSOR_DEFINITIONS = (
					"DEBUG=1",
					"$(inherited)",
				);
				GCC_WARN_64_TO_32_BIT_CONVERSION = YES;
				GCC_WARN_ABOUT_RETURN_TYPE = YES_ERROR;
				GCC_WARN_UNDECLARED_SELECTOR = YES;
				GCC_WARN_UNINITIALIZED_AUTOS = YES_AGGRESSIVE;
				GCC_WARN_UNUSED_FUNCTION = YES;
				GCC_WARN_UNUSED_VARIABLE = YES;
				IPHONEOS_DEPLOYMENT_TARGET = 14.5;
				MTL_ENABLE_DEBUG_INFO = INCLUDE_SOURCE;
				MTL_FAST_MATH = YES;
				ONLY_ACTIVE_ARCH = YES;
				SDKROOT = iphoneos;
				SWIFT_ACTIVE_COMPILATION_CONDITIONS = DEBUG;
				SWIFT_OPTIMIZATION_LEVEL = "-Onone";
			};
			name = Debug;
		};
		4A6F7CFB266E1F1E0044F58B /* Release */ = {
			isa = XCBuildConfiguration;
			buildSettings = {
				ALWAYS_SEARCH_USER_PATHS = NO;
				CLANG_ANALYZER_NONNULL = YES;
				CLANG_ANALYZER_NUMBER_OBJECT_CONVERSION = YES_AGGRESSIVE;
				CLANG_CXX_LANGUAGE_STANDARD = "gnu++14";
				CLANG_CXX_LIBRARY = "libc++";
				CLANG_ENABLE_MODULES = YES;
				CLANG_ENABLE_OBJC_ARC = YES;
				CLANG_ENABLE_OBJC_WEAK = YES;
				CLANG_WARN_BLOCK_CAPTURE_AUTORELEASING = YES;
				CLANG_WARN_BOOL_CONVERSION = YES;
				CLANG_WARN_COMMA = YES;
				CLANG_WARN_CONSTANT_CONVERSION = YES;
				CLANG_WARN_DEPRECATED_OBJC_IMPLEMENTATIONS = YES;
				CLANG_WARN_DIRECT_OBJC_ISA_USAGE = YES_ERROR;
				CLANG_WARN_DOCUMENTATION_COMMENTS = YES;
				CLANG_WARN_EMPTY_BODY = YES;
				CLANG_WARN_ENUM_CONVERSION = YES;
				CLANG_WARN_INFINITE_RECURSION = YES;
				CLANG_WARN_INT_CONVERSION = YES;
				CLANG_WARN_NON_LITERAL_NULL_CONVERSION = YES;
				CLANG_WARN_OBJC_IMPLICIT_RETAIN_SELF = YES;
				CLANG_WARN_OBJC_LITERAL_CONVERSION = YES;
				CLANG_WARN_OBJC_ROOT_CLASS = YES_ERROR;
				CLANG_WARN_QUOTED_INCLUDE_IN_FRAMEWORK_HEADER = YES;
				CLANG_WARN_RANGE_LOOP_ANALYSIS = YES;
				CLANG_WARN_STRICT_PROTOTYPES = YES;
				CLANG_WARN_SUSPICIOUS_MOVE = YES;
				CLANG_WARN_UNGUARDED_AVAILABILITY = YES_AGGRESSIVE;
				CLANG_WARN_UNREACHABLE_CODE = YES;
				CLANG_WARN__DUPLICATE_METHOD_MATCH = YES;
				COPY_PHASE_STRIP = NO;
				DEBUG_INFORMATION_FORMAT = "dwarf-with-dsym";
				ENABLE_NS_ASSERTIONS = NO;
				ENABLE_STRICT_OBJC_MSGSEND = YES;
				GCC_C_LANGUAGE_STANDARD = gnu11;
				GCC_NO_COMMON_BLOCKS = YES;
				GCC_WARN_64_TO_32_BIT_CONVERSION = YES;
				GCC_WARN_ABOUT_RETURN_TYPE = YES_ERROR;
				GCC_WARN_UNDECLARED_SELECTOR = YES;
				GCC_WARN_UNINITIALIZED_AUTOS = YES_AGGRESSIVE;
				GCC_WARN_UNUSED_FUNCTION = YES;
				GCC_WARN_UNUSED_VARIABLE = YES;
				IPHONEOS_DEPLOYMENT_TARGET = 14.5;
				MTL_ENABLE_DEBUG_INFO = NO;
				MTL_FAST_MATH = YES;
				SDKROOT = iphoneos;
				SWIFT_COMPILATION_MODE = wholemodule;
				SWIFT_OPTIMIZATION_LEVEL = "-O";
				VALIDATE_PRODUCT = YES;
			};
			name = Release;
		};
		4A6F7CFD266E1F1E0044F58B /* Debug */ = {
			isa = XCBuildConfiguration;
			buildSettings = {
				ASSETCATALOG_COMPILER_APPICON_NAME = AppIcon;
				ASSETCATALOG_COMPILER_GLOBAL_ACCENT_COLOR_NAME = AccentColor;
				CODE_SIGN_STYLE = Automatic;
				INFOPLIST_FILE = FizzBuzz/Info.plist;
				LD_RUNPATH_SEARCH_PATHS = (
					"$(inherited)",
					"@executable_path/Frameworks",
				);
				PRODUCT_BUNDLE_IDENTIFIER = com.jseguin.FizzBuzz;
				PRODUCT_NAME = "$(TARGET_NAME)";
				SWIFT_VERSION = 5.0;
				TARGETED_DEVICE_FAMILY = "1,2";
			};
			name = Debug;
		};
		4A6F7CFE266E1F1E0044F58B /* Release */ = {
			isa = XCBuildConfiguration;
			buildSettings = {
				ASSETCATALOG_COMPILER_APPICON_NAME = AppIcon;
				ASSETCATALOG_COMPILER_GLOBAL_ACCENT_COLOR_NAME = AccentColor;
				CODE_SIGN_STYLE = Automatic;
				INFOPLIST_FILE = FizzBuzz/Info.plist;
				LD_RUNPATH_SEARCH_PATHS = (
					"$(inherited)",
					"@executable_path/Frameworks",
				);
				PRODUCT_BUNDLE_IDENTIFIER = com.jseguin.FizzBuzz;
				PRODUCT_NAME = "$(TARGET_NAME)";
				SWIFT_VERSION = 5.0;
				TARGETED_DEVICE_FAMILY = "1,2";
			};
			name = Release;
		};
/* End XCBuildConfiguration section */

/* Begin XCConfigurationList section */
		4A6F7CE3266E1F1C0044F58B /* Build configuration list for PBXProject "FizzBuzz" */ = {
			isa = XCConfigurationList;
			buildConfigurations = (
				4A6F7CFA266E1F1E0044F58B /* Debug */,
				4A6F7CFB266E1F1E0044F58B /* Release */,
			);
			defaultConfigurationIsVisible = 0;
			defaultConfigurationName = Release;
		};
		4A6F7CFC266E1F1E0044F58B /* Build configuration list for PBXNativeTarget "FizzBuzz" */ = {
			isa = XCConfigurationList;
			buildConfigurations = (
				4A6F7CFD266E1F1E0044F58B /* Debug */,
				4A6F7CFE266E1F1E0044F58B /* Release */,
			);
			defaultConfigurationIsVisible = 0;
			defaultConfigurationName = Release;
		};
/* End XCConfigurationList section */
	};
	rootObject = 4A6F7CE0266E1F1C0044F58B /* Project object */;
}
